
Microsoft Visual Studio Solution File, Format Version 12.00
# Visual Studio Version 17
VisualStudioVersion = 17.3.32901.215
MinimumVisualStudioVersion = 10.0.40219.1
Project("{FAE04EC0-301F-11D3-BF4B-00C04F79EFBC}") = "Barınak • 96", "Barınak • 96\Barınak • 96.csproj", "{756E7544-72A0-4407-891B-F73DA17C1135}"
EndProject
Global
	GlobalSection(SolutionConfigurationPlatforms) = preSolution
		Debug|Any CPU = Debug|Any CPU
		Release|Any CPU = Release|Any CPU
	EndGlobalSection
	GlobalSection(ProjectConfigurationPlatforms) = postSolution
		{756E7544-72A0-4407-891B-F73DA17C1135}.Debug|Any CPU.ActiveCfg = Debug|Any CPU
		{756E7544-72A0-4407-891B-F73DA17C1135}.Debug|Any CPU.Build.0 = Debug|Any CPU
		{756E7544-72A0-4407-891B-F73DA17C1135}.Release|Any CPU.ActiveCfg = Release|Any CPU
		{756E7544-72A0-4407-891B-F73DA17C1135}.Release|Any CPU.Build.0 = Release|Any CPU
	EndGlobalSection
	GlobalSection(SolutionProperties) = preSolution
		HideSolutionNode = FALSE
	EndGlobalSection
	GlobalSection(ExtensibilityGlobals) = postSolution
		SolutionGuid = {D214852B-B7E9-4D31-B0D7-4FAC73712847}
	EndGlobalSection
EndGlobal
